
Microsoft Visual Studio Solution File, Format Version 12.00
# Visual Studio 15
VisualStudioVersion = 15.0.27130.2003
MinimumVisualStudioVersion = 10.0.40219.1
Project("{FAE04EC0-301F-11D3-BF4B-00C04F79EFBC}") = "F1Test", "F1Test\F1Test.csproj", "{3BFBD984-3D2F-4C02-BEA8-6663E0EB4880}"
EndProject
Project("{FAE04EC0-301F-11D3-BF4B-00C04F79EFBC}") = "F1UnitTests", "F1UnitTests\F1UnitTests.csproj", "{F9D70163-56F8-4355-8823-BCF8CAE16A93}"
EndProject
Global
	GlobalSection(SolutionConfigurationPlatforms) = preSolution
		Debug|Any CPU = Debug|Any CPU
		Release|Any CPU = Release|Any CPU
	EndGlobalSection
	GlobalSection(ProjectConfigurationPlatforms) = postSolution
		{3BFBD984-3D2F-4C02-BEA8-6663E0EB4880}.Debug|Any CPU.ActiveCfg = Debug|Any CPU
		{3BFBD984-3D2F-4C02-BEA8-6663E0EB4880}.Debug|Any CPU.Build.0 = Debug|Any CPU
		{3BFBD984-3D2F-4C02-BEA8-6663E0EB4880}.Release|Any CPU.ActiveCfg = Release|Any CPU
		{3BFBD984-3D2F-4C02-BEA8-6663E0EB4880}.Release|Any CPU.Build.0 = Release|Any CPU
		{F9D70163-56F8-4355-8823-BCF8CAE16A93}.Debug|Any CPU.ActiveCfg = Debug|Any CPU
		{F9D70163-56F8-4355-8823-BCF8CAE16A93}.Debug|Any CPU.Build.0 = Debug|Any CPU
		{F9D70163-56F8-4355-8823-BCF8CAE16A93}.Release|Any CPU.ActiveCfg = Release|Any CPU
		{F9D70163-56F8-4355-8823-BCF8CAE16A93}.Release|Any CPU.Build.0 = Release|Any CPU
	EndGlobalSection
	GlobalSection(SolutionProperties) = preSolution
		HideSolutionNode = FALSE
	EndGlobalSection
	GlobalSection(ExtensibilityGlobals) = postSolution
		SolutionGuid = {0B748FE9-9319-43B2-970F-DFCA2EC262C7}
	EndGlobalSection
EndGlobal
